
Microsoft Visual Studio Solution File, Format Version 12.00
# Visual Studio Version 17
VisualStudioVersion = 17.14.36221.1
MinimumVisualStudioVersion = 10.0.40219.1
Project("{FAE04EC0-301F-11D3-BF4B-00C04F79EFBC}") = "GuessNumberGame.Services", "GuessNumberGame\GuessNumberGame.Services.csproj", "{66D0A177-45CE-484D-83D4-160516E50183}"
EndProject
Project("{FAE04EC0-301F-11D3-BF4B-00C04F79EFBC}") = "GuessNumberGame.Interfaces", "GuessNumberGame.Interfaces\GuessNumberGame.Interfaces.csproj", "{D885C19F-1199-4082-95B0-7BD541BAA150}"
EndProject
Project("{FAE04EC0-301F-11D3-BF4B-00C04F79EFBC}") = "GuessNumberGame.Core", "GuessNumberGame.Core\GuessNumberGame.Core.csproj", "{656E2C7B-5C92-455E-8049-E59F0C5596B7}"
EndProject
Global
	GlobalSection(SolutionConfigurationPlatforms) = preSolution
		Debug|Any CPU = Debug|Any CPU
		Release|Any CPU = Release|Any CPU
	EndGlobalSection
	GlobalSection(ProjectConfigurationPlatforms) = postSolution
		{66D0A177-45CE-484D-83D4-160516E50183}.Debug|Any CPU.ActiveCfg = Debug|Any CPU
		{66D0A177-45CE-484D-83D4-160516E50183}.Debug|Any CPU.Build.0 = Debug|Any CPU
		{66D0A177-45CE-484D-83D4-160516E50183}.Release|Any CPU.ActiveCfg = Release|Any CPU
		{66D0A177-45CE-484D-83D4-160516E50183}.Release|Any CPU.Build.0 = Release|Any CPU
		{D885C19F-1199-4082-95B0-7BD541BAA150}.Debug|Any CPU.ActiveCfg = Debug|Any CPU
		{D885C19F-1199-4082-95B0-7BD541BAA150}.Debug|Any CPU.Build.0 = Debug|Any CPU
		{D885C19F-1199-4082-95B0-7BD541BAA150}.Release|Any CPU.ActiveCfg = Release|Any CPU
		{D885C19F-1199-4082-95B0-7BD541BAA150}.Release|Any CPU.Build.0 = Release|Any CPU
		{656E2C7B-5C92-455E-8049-E59F0C5596B7}.Debug|Any CPU.ActiveCfg = Debug|Any CPU
		{656E2C7B-5C92-455E-8049-E59F0C5596B7}.Debug|Any CPU.Build.0 = Debug|Any CPU
		{656E2C7B-5C92-455E-8049-E59F0C5596B7}.Release|Any CPU.ActiveCfg = Release|Any CPU
		{656E2C7B-5C92-455E-8049-E59F0C5596B7}.Release|Any CPU.Build.0 = Release|Any CPU
	EndGlobalSection
	GlobalSection(SolutionProperties) = preSolution
		HideSolutionNode = FALSE
	EndGlobalSection
	GlobalSection(ExtensibilityGlobals) = postSolution
		SolutionGuid = {EF8D2BDE-C9C8-4A82-A074-8BABDBB228BC}
	EndGlobalSection
EndGlobal
